
Microsoft Visual Studio Solution File, Format Version 12.00
# Visual Studio Version 17
VisualStudioVersion = 17.14.36623.8 d17.14
MinimumVisualStudioVersion = 10.0.40219.1
Project("{FAE04EC0-301F-11D3-BF4B-00C04F79EFBC}") = "Exercises", "Exercises.csproj", "{99424FE9-D935-4B59-AB42-5EE592CA45F0}"
EndProject
Global
	GlobalSection(SolutionConfigurationPlatforms) = preSolution
		Debug|Any CPU = Debug|Any CPU
		Release|Any CPU = Release|Any CPU
	EndGlobalSection
	GlobalSection(ProjectConfigurationPlatforms) = postSolution
		{99424FE9-D935-4B59-AB42-5EE592CA45F0}.Debug|Any CPU.ActiveCfg = Debug|Any CPU
		{99424FE9-D935-4B59-AB42-5EE592CA45F0}.Debug|Any CPU.Build.0 = Debug|Any CPU
		{99424FE9-D935-4B59-AB42-5EE592CA45F0}.Release|Any CPU.ActiveCfg = Release|Any CPU
		{99424FE9-D935-4B59-AB42-5EE592CA45F0}.Release|Any CPU.Build.0 = Release|Any CPU
	EndGlobalSection
	GlobalSection(SolutionProperties) = preSolution
		HideSolutionNode = FALSE
	EndGlobalSection
	GlobalSection(ExtensibilityGlobals) = postSolution
		SolutionGuid = {666CBF9D-073A-440E-B05D-E8108E87117C}
	EndGlobalSection
EndGlobal
