
Microsoft Visual Studio Solution File, Format Version 12.00
# Visual Studio Version 17
VisualStudioVersion = 17.14.36623.8 d17.14
MinimumVisualStudioVersion = 10.0.40219.1
Project("{FAE04EC0-301F-11D3-BF4B-00C04F79EFBC}") = "ProcessingData", "ProcessingData.csproj", "{0C5E520C-E4DD-4686-8971-0C295334123C}"
EndProject
Global
	GlobalSection(SolutionConfigurationPlatforms) = preSolution
		Debug|Any CPU = Debug|Any CPU
		Release|Any CPU = Release|Any CPU
	EndGlobalSection
	GlobalSection(ProjectConfigurationPlatforms) = postSolution
		{0C5E520C-E4DD-4686-8971-0C295334123C}.Debug|Any CPU.ActiveCfg = Debug|Any CPU
		{0C5E520C-E4DD-4686-8971-0C295334123C}.Debug|Any CPU.Build.0 = Debug|Any CPU
		{0C5E520C-E4DD-4686-8971-0C295334123C}.Release|Any CPU.ActiveCfg = Release|Any CPU
		{0C5E520C-E4DD-4686-8971-0C295334123C}.Release|Any CPU.Build.0 = Release|Any CPU
	EndGlobalSection
	GlobalSection(SolutionProperties) = preSolution
		HideSolutionNode = FALSE
	EndGlobalSection
	GlobalSection(ExtensibilityGlobals) = postSolution
		SolutionGuid = {ACDC20EE-29D9-4F99-B9B5-D469306EDDAB}
	EndGlobalSection
EndGlobal
